{
  "nodes": {
    "nixpkgs": {
      "locked": {
        "lastModified": 1766653575,
        "narHash": "sha256-TPgxCS7+hWc4kPhzkU5dD2M5UuPhLuuaMNZ/IpwKQvI=",
        "owner": "NixOS",
        "repo": "nixpkgs",
        "rev": "3c1016e6acd16ad96053116d0d3043029c9e2649",
        "type": "github"
      },
      "original": {
        "owner": "NixOS",
        "ref": "nixpkgs-unstable",
        "repo": "nixpkgs",
        "type": "github"
      }
    },
    "root": {
      "inputs": {
        "nixpkgs": "nixpkgs",
        "zmk-nix": "zmk-nix"
      }
    },
    "zmk-nix": {
      "inputs": {
        "nixpkgs": [
          "nixpkgs"
        ]
      },
      "locked": {
        "lastModified": 1766277933,
        "narHash": "sha256-TqFd7BXqvr4o7Le+iAz4xiWS7cGAZNXXrTHykw87sFo=",
        "owner": "lilyinstarlight",
        "repo": "zmk-nix",
        "rev": "1e716667ded336a0a47d11f155db6cec6a1b4a8e",
        "type": "github"
      },
      "original": {
        "owner": "lilyinstarlight",
        "repo": "zmk-nix",
        "type": "github"
      }
    }
  },
  "root": "root",
  "version": 7
}
